
Microsoft Visual Studio Solution File, Format Version 12.00
# Visual Studio 15
VisualStudioVersion = 15.0.26124.0
MinimumVisualStudioVersion = 15.0.26124.0
Project("{2150E333-8FDC-42A3-9474-1A3956D46DE8}") = "src", "src", "{A2B556D2-E385-4CEB-942C-9EB929132D6A}"
EndProject
Project("{FAE04EC0-301F-11D3-BF4B-00C04F79EFBC}") = "Pivotal.Discovery.Client", "src\Pivotal.Discovery.Client\Pivotal.Discovery.Client.csproj", "{8D20FE1C-98C5-441C-88E5-3766C81BD4AE}"
EndProject
Project("{2150E333-8FDC-42A3-9474-1A3956D46DE8}") = "test", "test", "{3793597B-BDDC-4481-8170-285F83BF4AF9}"
EndProject
Project("{FAE04EC0-301F-11D3-BF4B-00C04F79EFBC}") = "Pivotal.Discovery.Client.Test", "test\Pivotal.Discovery.Client.Test\Pivotal.Discovery.Client.Test.csproj", "{6F705316-61E8-416A-8E26-F95865EEB1D7}"
EndProject
Global
	GlobalSection(SolutionConfigurationPlatforms) = preSolution
		Debug|Any CPU = Debug|Any CPU
		Debug|x64 = Debug|x64
		Debug|x86 = Debug|x86
		Release|Any CPU = Release|Any CPU
		Release|x64 = Release|x64
		Release|x86 = Release|x86
	EndGlobalSection
	GlobalSection(SolutionProperties) = preSolution
		HideSolutionNode = FALSE
	EndGlobalSection
	GlobalSection(ProjectConfigurationPlatforms) = postSolution
		{8D20FE1C-98C5-441C-88E5-3766C81BD4AE}.Debug|Any CPU.ActiveCfg = Debug|Any CPU
		{8D20FE1C-98C5-441C-88E5-3766C81BD4AE}.Debug|Any CPU.Build.0 = Debug|Any CPU
		{8D20FE1C-98C5-441C-88E5-3766C81BD4AE}.Debug|x64.ActiveCfg = Debug|x64
		{8D20FE1C-98C5-441C-88E5-3766C81BD4AE}.Debug|x64.Build.0 = Debug|x64
		{8D20FE1C-98C5-441C-88E5-3766C81BD4AE}.Debug|x86.ActiveCfg = Debug|x86
		{8D20FE1C-98C5-441C-88E5-3766C81BD4AE}.Debug|x86.Build.0 = Debug|x86
		{8D20FE1C-98C5-441C-88E5-3766C81BD4AE}.Release|Any CPU.ActiveCfg = Release|Any CPU
		{8D20FE1C-98C5-441C-88E5-3766C81BD4AE}.Release|Any CPU.Build.0 = Release|Any CPU
		{8D20FE1C-98C5-441C-88E5-3766C81BD4AE}.Release|x64.ActiveCfg = Release|x64
		{8D20FE1C-98C5-441C-88E5-3766C81BD4AE}.Release|x64.Build.0 = Release|x64
		{8D20FE1C-98C5-441C-88E5-3766C81BD4AE}.Release|x86.ActiveCfg = Release|x86
		{8D20FE1C-98C5-441C-88E5-3766C81BD4AE}.Release|x86.Build.0 = Release|x86
		{6F705316-61E8-416A-8E26-F95865EEB1D7}.Debug|Any CPU.ActiveCfg = Debug|Any CPU
		{6F705316-61E8-416A-8E26-F95865EEB1D7}.Debug|Any CPU.Build.0 = Debug|Any CPU
		{6F705316-61E8-416A-8E26-F95865EEB1D7}.Debug|x64.ActiveCfg = Debug|x64
		{6F705316-61E8-416A-8E26-F95865EEB1D7}.Debug|x64.Build.0 = Debug|x64
		{6F705316-61E8-416A-8E26-F95865EEB1D7}.Debug|x86.ActiveCfg = Debug|x86
		{6F705316-61E8-416A-8E26-F95865EEB1D7}.Debug|x86.Build.0 = Debug|x86
		{6F705316-61E8-416A-8E26-F95865EEB1D7}.Release|Any CPU.ActiveCfg = Release|Any CPU
		{6F705316-61E8-416A-8E26-F95865EEB1D7}.Release|Any CPU.Build.0 = Release|Any CPU
		{6F705316-61E8-416A-8E26-F95865EEB1D7}.Release|x64.ActiveCfg = Release|x64
		{6F705316-61E8-416A-8E26-F95865EEB1D7}.Release|x64.Build.0 = Release|x64
		{6F705316-61E8-416A-8E26-F95865EEB1D7}.Release|x86.ActiveCfg = Release|x86
		{6F705316-61E8-416A-8E26-F95865EEB1D7}.Release|x86.Build.0 = Release|x86
	EndGlobalSection
	GlobalSection(NestedProjects) = preSolution
		{8D20FE1C-98C5-441C-88E5-3766C81BD4AE} = {A2B556D2-E385-4CEB-942C-9EB929132D6A}
		{6F705316-61E8-416A-8E26-F95865EEB1D7} = {3793597B-BDDC-4481-8170-285F83BF4AF9}
	EndGlobalSection
EndGlobal
